<?xml version="1.0" encoding="utf-8"?>
<Project ToolsVersion="4.0" xmlns="http://schemas.microsoft.com/developer/msbuild/2003">
  <ItemGroup>
    <Filter Include="Source Files">
      <UniqueIdentifier>{4FC737F1-C7A5-4376-A066-2A32D752A2FF}</UniqueIdentifier>
      <Extensions>cpp;c;cc;cxx;def;odl;idl;hpj;bat;asm;asmx</Extensions>
    </Filter>
    <Filter Include="Header Files">
      <UniqueIdentifier>{93995380-89BD-4b04-88EB-625FBE52EBFB}</UniqueIdentifier>
      <Extensions>h;hpp;hxx;hm;inl;inc;xsd</Extensions>
    </Filter>
    <Filter Include="Resource Files">
      <UniqueIdentifier>{67DA6AB6-F800-4c08-8B7A-83BB121AAD01}</UniqueIdentifier>
      <Extensions>rc;ico;cur;bmp;dlg;rc2;rct;bin;rgs;gif;jpg;jpeg;jpe;resx;tiff;tif;png;wav;mfcribbon-ms</Extensions>
    </Filter>
    <Filter Include="Header Files\VU">
      <UniqueIdentifier>{b85873f0-eefd-41fc-a5f2-289b86968ac0}</UniqueIdentifier>
    </Filter>
    <Filter Include="Header Files\SU">
      <UniqueIdentifier>{0989cb8a-1089-4ca2-b173-3ee676cb7b21}</UniqueIdentifier>
    </Filter>
    <Filter Include="Header Files\SU\SWC2">
      <UniqueIdentifier>{0ed9d626-616c-4a7e-a261-b3b660910125}</UniqueIdentifier>
    </Filter>
    <Filter Include="Header Files\SU\COP0">
      <UniqueIdentifier>{fad66a50-7c96-44a4-b471-60b8a01fc00a}</UniqueIdentifier>
    </Filter>
    <Filter Include="Header Files\SU\COP2">
      <UniqueIdentifier>{4ea9c9a3-1f4f-409c-ad5b-9f39a6d1f423}</UniqueIdentifier>
    </Filter>
    <Filter Include="Header Files\SU\LWC2">
      <UniqueIdentifier>{5d804912-38d3-4913-a764-6fba9b764ee3}</UniqueIdentifier>
    </Filter>
  </ItemGroup>
  <ItemGroup>
    <ClCompile Include="..\..\rsp.c">
      <Filter>Source Files</Filter>
    </ClCompile>
  </ItemGroup>
  <ItemGroup>
    <ClInclude Include="..\..\config.h">
      <Filter>Header Files</Filter>
    </ClInclude>
    <ClInclude Include="..\..\rsp.h">
      <Filter>Header Files</Filter>
    </ClInclude>
    <ClInclude Include="..\..\rsp_#1.1.h">
      <Filter>Header Files</Filter>
    </ClInclude>
    <ClInclude Include="..\..\vu\vabs.h">
      <Filter>Header Files\VU</Filter>
    </ClInclude>
    <ClInclude Include="..\..\vu\vu.h">
      <Filter>Header Files\VU</Filter>
    </ClInclude>
    <ClInclude Include="..\..\vu\vadd.h">
      <Filter>Header Files\VU</Filter>
    </ClInclude>
    <ClInclude Include="..\..\vu\vaddc.h">
      <Filter>Header Files\VU</Filter>
    </ClInclude>
    <ClInclude Include="..\..\vu\vand.h">
      <Filter>Header Files\VU</Filter>
    </ClInclude>
    <ClInclude Include="..\..\vu\vch.h">
      <Filter>Header Files\VU</Filter>
    </ClInclude>
    <ClInclude Include="..\..\vu\vcl.h">
      <Filter>Header Files\VU</Filter>
    </ClInclude>
    <ClInclude Include="..\..\vu\vcr.h">
      <Filter>Header Files\VU</Filter>
    </ClInclude>
    <ClInclude Include="..\..\vu\veq.h">
      <Filter>Header Files\VU</Filter>
    </ClInclude>
    <ClInclude Include="..\..\vu\vge.h">
      <Filter>Header Files\VU</Filter>
    </ClInclude>
    <ClInclude Include="..\..\vu\vlt.h">
      <Filter>Header Files\VU</Filter>
    </ClInclude>
    <ClInclude Include="..\..\vu\vmacf.h">
      <Filter>Header Files\VU</Filter>
    </ClInclude>
    <ClInclude Include="..\..\vu\vmacq.h">
      <Filter>Header Files\VU</Filter>
    </ClInclude>
    <ClInclude Include="..\..\vu\vmacu.h">
      <Filter>Header Files\VU</Filter>
    </ClInclude>
    <ClInclude Include="..\..\vu\vmadh.h">
      <Filter>Header Files\VU</Filter>
    </ClInclude>
    <ClInclude Include="..\..\vu\vmadl.h">
      <Filter>Header Files\VU</Filter>
    </ClInclude>
    <ClInclude Include="..\..\vu\vmadm.h">
      <Filter>Header Files\VU</Filter>
    </ClInclude>
    <ClInclude Include="..\..\vu\vmadn.h">
      <Filter>Header Files\VU</Filter>
    </ClInclude>
    <ClInclude Include="..\..\vu\vmov.h">
      <Filter>Header Files\VU</Filter>
    </ClInclude>
    <ClInclude Include="..\..\vu\vmrg.h">
      <Filter>Header Files\VU</Filter>
    </ClInclude>
    <ClInclude Include="..\..\vu\vmudh.h">
      <Filter>Header Files\VU</Filter>
    </ClInclude>
    <ClInclude Include="..\..\vu\vmudl.h">
      <Filter>Header Files\VU</Filter>
    </ClInclude>
    <ClInclude Include="..\..\vu\vmudm.h">
      <Filter>Header Files\VU</Filter>
    </ClInclude>
    <ClInclude Include="..\..\vu\vmudn.h">
      <Filter>Header Files\VU</Filter>
    </ClInclude>
    <ClInclude Include="..\..\vu\vmulf.h">
      <Filter>Header Files\VU</Filter>
    </ClInclude>
    <ClInclude Include="..\..\vu\vmulu.h">
      <Filter>Header Files\VU</Filter>
    </ClInclude>
    <ClInclude Include="..\..\vu\vnand.h">
      <Filter>Header Files\VU</Filter>
    </ClInclude>
    <ClInclude Include="..\..\vu\vne.h">
      <Filter>Header Files\VU</Filter>
    </ClInclude>
    <ClInclude Include="..\..\vu\vnop.h">
      <Filter>Header Files\VU</Filter>
    </ClInclude>
    <ClInclude Include="..\..\vu\vnor.h">
      <Filter>Header Files\VU</Filter>
    </ClInclude>
    <ClInclude Include="..\..\vu\vnxor.h">
      <Filter>Header Files\VU</Filter>
    </ClInclude>
    <ClInclude Include="..\..\vu\vor.h">
      <Filter>Header Files\VU</Filter>
    </ClInclude>
    <ClInclude Include="..\..\vu\vrcp.h">
      <Filter>Header Files\VU</Filter>
    </ClInclude>
    <ClInclude Include="..\..\vu\vrcph.h">
      <Filter>Header Files\VU</Filter>
    </ClInclude>
    <ClInclude Include="..\..\vu\vrcpl.h">
      <Filter>Header Files\VU</Filter>
    </ClInclude>
    <ClInclude Include="..\..\vu\vrsq.h">
      <Filter>Header Files\VU</Filter>
    </ClInclude>
    <ClInclude Include="..\..\vu\vrsqh.h">
      <Filter>Header Files\VU</Filter>
    </ClInclude>
    <ClInclude Include="..\..\vu\vrsql.h">
      <Filter>Header Files\VU</Filter>
    </ClInclude>
    <ClInclude Include="..\..\vu\vsaw.h">
      <Filter>Header Files\VU</Filter>
    </ClInclude>
    <ClInclude Include="..\..\vu\vsub.h">
      <Filter>Header Files\VU</Filter>
    </ClInclude>
    <ClInclude Include="..\..\vu\vsubc.h">
      <Filter>Header Files\VU</Filter>
    </ClInclude>
    <ClInclude Include="..\..\vu\vxor.h">
      <Filter>Header Files\VU</Filter>
    </ClInclude>
    <ClInclude Include="..\..\su\lwc2\lbv.h">
      <Filter>Header Files\SU\LWC2</Filter>
    </ClInclude>
    <ClInclude Include="..\..\su\lwc2\luv.h">
      <Filter>Header Files\SU\LWC2</Filter>
    </ClInclude>
    <ClInclude Include="..\..\su\lwc2\ldv.h">
      <Filter>Header Files\SU\LWC2</Filter>
    </ClInclude>
    <ClInclude Include="..\..\su\lwc2\lhv.h">
      <Filter>Header Files\SU\LWC2</Filter>
    </ClInclude>
    <ClInclude Include="..\..\su\lwc2\llv.h">
      <Filter>Header Files\SU\LWC2</Filter>
    </ClInclude>
    <ClInclude Include="..\..\su\lwc2\lpv.h">
      <Filter>Header Files\SU\LWC2</Filter>
    </ClInclude>
    <ClInclude Include="..\..\su\lwc2\lqv.h">
      <Filter>Header Files\SU\LWC2</Filter>
    </ClInclude>
    <ClInclude Include="..\..\su\lwc2\lrv.h">
      <Filter>Header Files\SU\LWC2</Filter>
    </ClInclude>
    <ClInclude Include="..\..\su\lwc2\lsv.h">
      <Filter>Header Files\SU\LWC2</Filter>
    </ClInclude>
    <ClInclude Include="..\..\su\lwc2\ltv.h">
      <Filter>Header Files\SU\LWC2</Filter>
    </ClInclude>
    <ClInclude Include="..\..\su\swc2\sbv.h">
      <Filter>Header Files\SU\SWC2</Filter>
    </ClInclude>
    <ClInclude Include="..\..\su\swc2\suv.h">
      <Filter>Header Files\SU\SWC2</Filter>
    </ClInclude>
    <ClInclude Include="..\..\su\swc2\sdv.h">
      <Filter>Header Files\SU\SWC2</Filter>
    </ClInclude>
    <ClInclude Include="..\..\su\swc2\sfv.h">
      <Filter>Header Files\SU\SWC2</Filter>
    </ClInclude>
    <ClInclude Include="..\..\su\swc2\shv.h">
      <Filter>Header Files\SU\SWC2</Filter>
    </ClInclude>
    <ClInclude Include="..\..\su\swc2\slv.h">
      <Filter>Header Files\SU\SWC2</Filter>
    </ClInclude>
    <ClInclude Include="..\..\su\swc2\spv.h">
      <Filter>Header Files\SU\SWC2</Filter>
    </ClInclude>
    <ClInclude Include="..\..\su\swc2\sqv.h">
      <Filter>Header Files\SU\SWC2</Filter>
    </ClInclude>
    <ClInclude Include="..\..\su\swc2\srv.h">
      <Filter>Header Files\SU\SWC2</Filter>
    </ClInclude>
    <ClInclude Include="..\..\su\swc2\ssv.h">
      <Filter>Header Files\SU\SWC2</Filter>
    </ClInclude>
    <ClInclude Include="..\..\su\swc2\stv.h">
      <Filter>Header Files\SU\SWC2</Filter>
    </ClInclude>
    <ClInclude Include="..\..\su\cop0\mfc0.h">
      <Filter>Header Files\SU\COP0</Filter>
    </ClInclude>
    <ClInclude Include="..\..\su\cop0\mtc0.h">
      <Filter>Header Files\SU\COP0</Filter>
    </ClInclude>
    <ClInclude Include="..\..\su\cop2\cfc2.h">
      <Filter>Header Files\SU\COP2</Filter>
    </ClInclude>
    <ClInclude Include="..\..\su\cop2\ctc2.h">
      <Filter>Header Files\SU\COP2</Filter>
    </ClInclude>
    <ClInclude Include="..\..\su\cop2\mfc2.h">
      <Filter>Header Files\SU\COP2</Filter>
    </ClInclude>
    <ClInclude Include="..\..\su\cop2\mtc2.h">
      <Filter>Header Files\SU\COP2</Filter>
    </ClInclude>
    <ClInclude Include="..\..\su\su.h">
      <Filter>Header Files\SU</Filter>
    </ClInclude>
    <ClInclude Include="..\..\su\cop0.h">
      <Filter>Header Files\SU</Filter>
    </ClInclude>
    <ClInclude Include="..\..\su\cop2.h">
      <Filter>Header Files\SU</Filter>
    </ClInclude>
    <ClInclude Include="..\..\su\swc2.h">
      <Filter>Header Files\SU</Filter>
    </ClInclude>
    <ClInclude Include="..\..\execute.h">
      <Filter>Header Files</Filter>
    </ClInclude>
    <ClInclude Include="..\..\su\lwc2\lfv.h">
      <Filter>Header Files\SU\LWC2</Filter>
    </ClInclude>
    <ClInclude Include="..\..\su\swc2\swv.h">
      <Filter>Header Files\SU\SWC2</Filter>
    </ClInclude>
    <ClInclude Include="..\..\su\lwc2.h">
      <Filter>Header Files\SU</Filter>
    </ClInclude>
  </ItemGroup>
</Project>